// !$*UTF8*$!
{
	archiveVersion = 1;
	classes = {
	};
	objectVersion = 46;
	objects = {

/* Begin PBXBuildFile section */
		1E690E781E14AFAA004C917E /* AppDelegate.swift in Sources */ = {isa = PBXBuildFile; fileRef = 1E690E771E14AFAA004C917E /* AppDelegate.swift */; };
		1E690E7A1E14AFAA004C917E /* ViewController.swift in Sources */ = {isa = PBXBuildFile; fileRef = 1E690E791E14AFAA004C917E /* ViewController.swift */; };
		1E690E7D1E14AFAA004C917E /* Main.storyboard in Resources */ = {isa = PBXBuildFile; fileRef = 1E690E7B1E14AFAA004C917E /* Main.storyboard */; };
		1E690E7F1E14AFAA004C917E /* Assets.xcassets in Resources */ = {isa = PBXBuildFile; fileRef = 1E690E7E1E14AFAA004C917E /* Assets.xcassets */; };
		1E690E821E14AFAA004C917E /* LaunchScreen.storyboard in Resources */ = {isa = PBXBuildFile; fileRef = 1E690E801E14AFAA004C917E /* LaunchScreen.storyboard */; };
/* End PBXBuildFile section */

/* Begin PBXFileReference section */
		1E690E741E14AFAA004C917E /* EzLoop.app */ = {isa = PBXFileReference; explicitFileType = wrapper.application; includeInIndex = 0; path = EzLoop.app; sourceTree = BUILT_PRODUCTS_DIR; };
		1E690E771E14AFAA004C917E /* AppDelegate.swift */ = {isa = PBXFileReference; lastKnownFileType = sourcecode.swift; path = AppDelegate.swift; sourceTree = "<group>"; };
		1E690E791E14AFAA004C917E /* ViewController.swift */ = {isa = PBXFileReference; lastKnownFileType = sourcecode.swift; path = ViewController.swift; sourceTree = "<group>"; };
		1E690E7C1E14AFAA004C917E /* Base */ = {isa = PBXFileReference; lastKnownFileType = file.storyboard; name = Base; path = Base.lproj/Main.storyboard; sourceTree = "<group>"; };
		1E690E7E1E14AFAA004C917E /* Assets.xcassets */ = {isa = PBXFileReference; lastKnownFileType = folder.assetcatalog; path = Assets.xcassets; sourceTree = "<group>"; };
		1E690E811E14AFAA004C917E /* Base */ = {isa = PBXFileReference; lastKnownFileType = file.storyboard; name = Base; path = Base.lproj/LaunchScreen.storyboard; sourceTree = "<group>"; };
		1E690E831E14AFAA004C917E /* Info.plist */ = {isa = PBXFileReference; lastKnownFileType = text.plist.xml; path = Info.plist; sourceTree = "<group>"; };
/* End PBXFileReference section */

/* Begin PBXFrameworksBuildPhase section */
		1E690E711E14AFAA004C917E /* Frameworks */ = {
			isa = PBXFrameworksBuildPhase;
			buildActionMask = 2147483647;
			files = (
			);
			runOnlyForDeploymentPostprocessing = 0;
		};
/* End PBXFrameworksBuildPhase section */

/* Begin PBXGroup section */
		1E690E6B1E14AFAA004C917E = {
			isa = PBXGroup;
			children = (
				1E690E761E14AFAA004C917E /* EzLoop */,
				1E690E751E14AFAA004C917E /* Products */,
			);
			sourceTree = "<group>";
		};
		1E690E751E14AFAA004C917E /* Products */ = {
			isa = PBXGroup;
			children = (
				1E690E741E14AFAA004C917E /* EzLoop.app */,
			);
			name = Products;
			sourceTree = "<group>";
		};
		1E690E761E14AFAA004C917E /* EzLoop */ = {
			isa = PBXGroup;
			children = (
				1E690E771E14AFAA004C917E /* AppDelegate.swift */,
				1E690E791E14AFAA004C917E /* ViewController.swift */,
				1E690E7B1E14AFAA004C917E /* Main.storyboard */,
				1E690E7E1E14AFAA004C917E /* Assets.xcassets */,
				1E690E801E14AFAA004C917E /* LaunchScreen.storyboard */,
				1E690E831E14AFAA004C917E /* Info.plist */,
			);
			path = EzLoop;
			sourceTree = "<group>";
		};
/* End PBXGroup section */

/* Begin PBXNativeTarget section */
		1E690E731E14AFAA004C917E /* EzLoop */ = {
			isa = PBXNativeTarget;
			buildConfigurationList = 1E690E861E14AFAA004C917E /* Build configuration list for PBXNativeTarget "EzLoop" */;
			buildPhases = (
				1E690E701E14AFAA004C917E /* Sources */,
				1E690E711E14AFAA004C917E /* Frameworks */,
				1E690E721E14AFAA004C917E /* Resources */,
			);
			buildRules = (
			);
			dependencies = (
			);
			name = EzLoop;
			productName = EzLoop;
			productReference = 1E690E741E14AFAA004C917E /* EzLoop.app */;
			productType = "com.apple.product-type.application";
		};
/* End PBXNativeTarget section */

/* Begin PBXProject section */
		1E690E6C1E14AFAA004C917E /* Project object */ = {
			isa = PBXProject;
			attributes = {
				LastSwiftUpdateCheck = 0800;
				LastUpgradeCheck = 0800;
				ORGANIZATIONNAME = tek4fun;
				TargetAttributes = {
					1E690E731E14AFAA004C917E = {
						CreatedOnToolsVersion = 8.0;
						ProvisioningStyle = Automatic;
					};
				};
			};
			buildConfigurationList = 1E690E6F1E14AFAA004C917E /* Build configuration list for PBXProject "EzLoop" */;
			compatibilityVersion = "Xcode 3.2";
			developmentRegion = English;
			hasScannedForEncodings = 0;
			knownRegions = (
				en,
				Base,
			);
			mainGroup = 1E690E6B1E14AFAA004C917E;
			productRefGroup = 1E690E751E14AFAA004C917E /* Products */;
			projectDirPath = "";
			projectRoot = "";
			targets = (
				1E690E731E14AFAA004C917E /* EzLoop */,
			);
		};
/* End PBXProject section */

/* Begin PBXResourcesBuildPhase section */
		1E690E721E14AFAA004C917E /* Resources */ = {
			isa = PBXResourcesBuildPhase;
			buildActionMask = 2147483647;
			files = (
				1E690E821E14AFAA004C917E /* LaunchScreen.storyboard in Resources */,
				1E690E7F1E14AFAA004C917E /* Assets.xcassets in Resources */,
				1E690E7D1E14AFAA004C917E /* Main.storyboard in Resources */,
			);
			runOnlyForDeploymentPostprocessing = 0;
		};
/* End PBXResourcesBuildPhase section */

/* Begin PBXSourcesBuildPhase section */
		1E690E701E14AFAA004C917E /* Sources */ = {
			isa = PBXSourcesBuildPhase;
			buildActionMask = 2147483647;
			files = (
				1E690E7A1E14AFAA004C917E /* ViewController.swift in Sources */,
				1E690E781E14AFAA004C917E /* AppDelegate.swift in Sources */,
			);
			runOnlyForDeploymentPostprocessing = 0;
		};
/* End PBXSourcesBuildPhase section */

/* Begin PBXVariantGroup section */
		1E690E7B1E14AFAA004C917E /* Main.storyboard */ = {
			isa = PBXVariantGroup;
			children = (
				1E690E7C1E14AFAA004C917E /* Base */,
			);
			name = Main.storyboard;
			sourceTree = "<group>";
		};
		1E690E801E14AFAA004C917E /* LaunchScreen.storyboard */ = {
			isa = PBXVariantGroup;
			children = (
				1E690E811E14AFAA004C917E /* Base */,
			);
			name = LaunchScreen.storyboard;
			sourceTree = "<group>";
		};
/* End PBXVariantGroup section */

/* Begin XCBuildConfiguration section */
		1E690E841E14AFAA004C917E /* Debug */ = {
			isa = XCBuildConfiguration;
			buildSettings = {
				ALWAYS_SEARCH_USER_PATHS = NO;
				CLANG_ANALYZER_NONNULL = YES;
				CLANG_CXX_LANGUAGE_STANDARD = "gnu++0x";
				CLANG_CXX_LIBRARY = "libc++";
				CLANG_ENABLE_MODULES = YES;
				CLANG_ENABLE_OBJC_ARC = YES;
				CLANG_WARN_BOOL_CONVERSION = YES;
				CLANG_WARN_CONSTANT_CONVERSION = YES;
				CLANG_WARN_DIRECT_OBJC_ISA_USAGE = YES_ERROR;
				CLANG_WARN_DOCUMENTATION_COMMENTS = YES;
				CLANG_WARN_EMPTY_BODY = YES;
				CLANG_WARN_ENUM_CONVERSION = YES;
				CLANG_WARN_INFINITE_RECURSION = YES;
				CLANG_WARN_INT_CONVERSION = YES;
				CLANG_WARN_OBJC_ROOT_CLASS = YES_ERROR;
				CLANG_WARN_SUSPICIOUS_MOVES = YES;
				CLANG_WARN_UNREACHABLE_CODE = YES;
				CLANG_WARN__DUPLICATE_METHOD_MATCH = YES;
				"CODE_SIGN_IDENTITY[sdk=iphoneos*]" = "iPhone Developer";
				COPY_PHASE_STRIP = NO;
				DEBUG_INFORMATION_FORMAT = dwarf;
				ENABLE_STRICT_OBJC_MSGSEND = YES;
				ENABLE_TESTABILITY = YES;
				GCC_C_LANGUAGE_STANDARD = gnu99;
				GCC_DYNAMIC_NO_PIC = NO;
				GCC_NO_COMMON_BLOCKS = YES;
				GCC_OPTIMIZATION_LEVEL = 0;
				GCC_PREPROCESSOR_DEFINITIONS = (
					"DEBUG=1",
					"$(inherited)",
				);
				GCC_WARN_64_TO_32_BIT_CONVERSION = YES;
				GCC_WARN_ABOUT_RETURN_TYPE = YES_ERROR;
				GCC_WARN_UNDECLARED_SELECTOR = YES;
				GCC_WARN_UNINITIALIZED_AUTOS = YES_AGGRESSIVE;
				GCC_WARN_UNUSED_FUNCTION = YES;
				GCC_WARN_UNUSED_VARIABLE = YES;
				IPHONEOS_DEPLOYMENT_TARGET = 10.0;
				MTL_ENABLE_DEBUG_INFO = YES;
				ONLY_ACTIVE_ARCH = YES;
				SDKROOT = iphoneos;
				SWIFT_ACTIVE_COMPILATION_CONDITIONS = DEBUG;
				SWIFT_OPTIMIZATION_LEVEL = "-Onone";
				TARGETED_DEVICE_FAMILY = "1,2";
			};
			name = Debug;
		};
		1E690E851E14AFAA004C917E /* Release */ = {
			isa = XCBuildConfiguration;
			buildSettings = {
				ALWAYS_SEARCH_USER_PATHS = NO;
				CLANG_ANALYZER_NONNULL = YES;
				CLANG_CXX_LANGUAGE_STANDARD = "gnu++0x";
				CLANG_CXX_LIBRARY = "libc++";
				CLANG_ENABLE_MODULES = YES;
				CLANG_ENABLE_OBJC_ARC = YES;
				CLANG_WARN_BOOL_CONVERSION = YES;
				CLANG_WARN_CONSTANT_CONVERSION = YES;
				CLANG_WARN_DIRECT_OBJC_ISA_USAGE = YES_ERROR;
				CLANG_WARN_DOCUMENTATION_COMMENTS = YES;
				CLANG_WARN_EMPTY_BODY = YES;
				CLANG_WARN_ENUM_CONVERSION = YES;
				CLANG_WARN_INFINITE_RECURSION = YES;
				CLANG_WARN_INT_CONVERSION = YES;
				CLANG_WARN_OBJC_ROOT_CLASS = YES_ERROR;
				CLANG_WARN_SUSPICIOUS_MOVES = YES;
				CLANG_WARN_UNREACHABLE_CODE = YES;
				CLANG_WARN__DUPLICATE_METHOD_MATCH = YES;
				"CODE_SIGN_IDENTITY[sdk=iphoneos*]" = "iPhone Developer";
				COPY_PHASE_STRIP = NO;
				DEBUG_INFORMATION_FORMAT = "dwarf-with-dsym";
				ENABLE_NS_ASSERTIONS = NO;
				ENABLE_STRICT_OBJC_MSGSEND = YES;
				GCC_C_LANGUAGE_STANDARD = gnu99;
				GCC_NO_COMMON_BLOCKS = YES;
				GCC_WARN_64_TO_32_BIT_CONVERSION = YES;
				GCC_WARN_ABOUT_RETURN_TYPE = YES_ERROR;
				GCC_WARN_UNDECLARED_SELECTOR = YES;
				GCC_WARN_UNINITIALIZED_AUTOS = YES_AGGRESSIVE;
				GCC_WARN_UNUSED_FUNCTION = YES;
				GCC_WARN_UNUSED_VARIABLE = YES;
				IPHONEOS_DEPLOYMENT_TARGET = 10.0;
				MTL_ENABLE_DEBUG_INFO = NO;
				SDKROOT = iphoneos;
				SWIFT_OPTIMIZATION_LEVEL = "-Owholemodule";
				TARGETED_DEVICE_FAMILY = "1,2";
				VALIDATE_PRODUCT = YES;
			};
			name = Release;
		};
		1E690E871E14AFAA004C917E /* Debug */ = {
			isa = XCBuildConfiguration;
			buildSettings = {
				ASSETCATALOG_COMPILER_APPICON_NAME = AppIcon;
				INFOPLIST_FILE = EzLoop/Info.plist;
				LD_RUNPATH_SEARCH_PATHS = "$(inherited) @executable_path/Frameworks";
				PRODUCT_BUNDLE_IDENTIFIER = vn.techmaster.EzLoop;
				PRODUCT_NAME = "$(TARGET_NAME)";
				SWIFT_VERSION = 3.0;
			};
			name = Debug;
		};
		1E690E881E14AFAA004C917E /* Release */ = {
			isa = XCBuildConfiguration;
			buildSettings = {
				ASSETCATALOG_COMPILER_APPICON_NAME = AppIcon;
				INFOPLIST_FILE = EzLoop/Info.plist;
				LD_RUNPATH_SEARCH_PATHS = "$(inherited) @executable_path/Frameworks";
				PRODUCT_BUNDLE_IDENTIFIER = vn.techmaster.EzLoop;
				PRODUCT_NAME = "$(TARGET_NAME)";
				SWIFT_VERSION = 3.0;
			};
			name = Release;
		};
/* End XCBuildConfiguration section */

/* Begin XCConfigurationList section */
		1E690E6F1E14AFAA004C917E /* Build configuration list for PBXProject "EzLoop" */ = {
			isa = XCConfigurationList;
			buildConfigurations = (
				1E690E841E14AFAA004C917E /* Debug */,
				1E690E851E14AFAA004C917E /* Release */,
			);
			defaultConfigurationIsVisible = 0;
			defaultConfigurationName = Release;
		};
		1E690E861E14AFAA004C917E /* Build configuration list for PBXNativeTarget "EzLoop" */ = {
			isa = XCConfigurationList;
			buildConfigurations = (
				1E690E871E14AFAA004C917E /* Debug */,
				1E690E881E14AFAA004C917E /* Release */,
			);
			defaultConfigurationIsVisible = 0;
		};
/* End XCConfigurationList section */
	};
	rootObject = 1E690E6C1E14AFAA004C917E /* Project object */;
}
